<?xml version="1.0" encoding="utf-8"?>
<Project ToolsVersion="4.0" xmlns="http://schemas.microsoft.com/developer/msbuild/2003">
  <ItemGroup>
    <Filter Include="header">
      <UniqueIdentifier>{6d88de0c-57b3-402a-8a2a-860a6257f55c}</UniqueIdentifier>
    </Filter>
    <Filter Include="source">
      <UniqueIdentifier>{175544bd-9b58-40de-bd2a-8226366f1bd4}</UniqueIdentifier>
    </Filter>
    <Filter Include="bgi header">
      <UniqueIdentifier>{93995380-89BD-4b04-88EB-625FBE52EBFB}</UniqueIdentifier>
      <Extensions>h;hpp;hxx;hm;inl;inc;xsd</Extensions>
    </Filter>
    <Filter Include="bgi source">
      <UniqueIdentifier>{4FC737F1-C7A5-4376-A066-2A32D752A2FF}</UniqueIdentifier>
      <Extensions>cpp;c;cc;cxx;def;odl;idl;hpj;bat;asm;asmx</Extensions>
    </Filter>
  </ItemGroup>
  <ItemGroup>
    <ClInclude Include="src\matrix.h">
      <Filter>header</Filter>
    </ClInclude>
    <ClInclude Include="src\painter.h">
      <Filter>header</Filter>
    </ClInclude>
    <ClInclude Include="src\point.h">
      <Filter>header</Filter>
    </ClInclude>
    <ClInclude Include="bgi\dibapi.h">
      <Filter>bgi header</Filter>
    </ClInclude>
    <ClInclude Include="bgi\dibutil.h">
      <Filter>bgi header</Filter>
    </ClInclude>
    <ClInclude Include="bgi\graphics.h">
      <Filter>bgi header</Filter>
    </ClInclude>
    <ClInclude Include="bgi\winbgi.h">
      <Filter>bgi header</Filter>
    </ClInclude>
    <ClInclude Include="bgi\winbgim.h">
      <Filter>bgi header</Filter>
    </ClInclude>
    <ClInclude Include="bgi\winbgitypes.h">
      <Filter>bgi header</Filter>
    </ClInclude>
  </ItemGroup>
  <ItemGroup>
    <ClCompile Include="bgi\bgiout.cxx">
      <Filter>bgi source</Filter>
    </ClCompile>
    <ClCompile Include="bgi\dibutil.cxx">
      <Filter>bgi source</Filter>
    </ClCompile>
    <ClCompile Include="bgi\drawing.cxx">
      <Filter>bgi source</Filter>
    </ClCompile>
    <ClCompile Include="bgi\file.cxx">
      <Filter>bgi source</Filter>
    </ClCompile>
    <ClCompile Include="bgi\main.cxx">
      <Filter>bgi source</Filter>
    </ClCompile>
    <ClCompile Include="bgi\misc.cxx">
      <Filter>bgi source</Filter>
    </ClCompile>
    <ClCompile Include="bgi\mouse.cxx">
      <Filter>bgi source</Filter>
    </ClCompile>
    <ClCompile Include="bgi\palette.cxx">
      <Filter>bgi source</Filter>
    </ClCompile>
    <ClCompile Include="bgi\text.cxx">
      <Filter>bgi source</Filter>
    </ClCompile>
    <ClCompile Include="bgi\winbgi.cxx">
      <Filter>bgi source</Filter>
    </ClCompile>
    <ClCompile Include="bgi\winthread.cxx">
      <Filter>bgi source</Filter>
    </ClCompile>
    <ClCompile Include="src\matrix.cpp">
      <Filter>source</Filter>
    </ClCompile>
    <ClCompile Include="src\painter.cpp">
      <Filter>source</Filter>
    </ClCompile>
    <ClCompile Include="src\point.cpp">
      <Filter>source</Filter>
    </ClCompile>
    <ClCompile Include="src\bgi.cxx">
      <Filter>source</Filter>
    </ClCompile>
  </ItemGroup>
</Project>